
Microsoft Visual Studio Solution File, Format Version 12.00
# Visual Studio 15
VisualStudioVersion = 15.0.28307.421
MinimumVisualStudioVersion = 10.0.40219.1
Project("{FAE04EC0-301F-11D3-BF4B-00C04F79EFBC}") = "App", "App\App.csproj", "{243C413F-6A58-40BD-B480-9FEC5325F879}"
EndProject
Project("{FAE04EC0-301F-11D3-BF4B-00C04F79EFBC}") = "MyCalcLib", "MyCalcLib\MyCalcLib.csproj", "{CC50F476-D3F8-4FE0-A4BD-36060401FEBD}"
EndProject
Project("{FAE04EC0-301F-11D3-BF4B-00C04F79EFBC}") = "UnitTestMyCalc", "UnitTestMyCalc\UnitTestMyCalc.csproj", "{BD5E309F-F0CE-448C-A290-A5835B8E6918}"
EndProject
Project("{FAE04EC0-301F-11D3-BF4B-00C04F79EFBC}") = "AppTests", "AppTests\AppTests.csproj", "{DDAE04C9-E40E-487D-AA9E-88C907B5922C}"
EndProject
Global
	GlobalSection(SolutionConfigurationPlatforms) = preSolution
		Debug|Any CPU = Debug|Any CPU
		Release|Any CPU = Release|Any CPU
	EndGlobalSection
	GlobalSection(ProjectConfigurationPlatforms) = postSolution
		{243C413F-6A58-40BD-B480-9FEC5325F879}.Debug|Any CPU.ActiveCfg = Debug|Any CPU
		{243C413F-6A58-40BD-B480-9FEC5325F879}.Debug|Any CPU.Build.0 = Debug|Any CPU
		{243C413F-6A58-40BD-B480-9FEC5325F879}.Release|Any CPU.ActiveCfg = Release|Any CPU
		{243C413F-6A58-40BD-B480-9FEC5325F879}.Release|Any CPU.Build.0 = Release|Any CPU
		{CC50F476-D3F8-4FE0-A4BD-36060401FEBD}.Debug|Any CPU.ActiveCfg = Debug|Any CPU
		{CC50F476-D3F8-4FE0-A4BD-36060401FEBD}.Debug|Any CPU.Build.0 = Debug|Any CPU
		{CC50F476-D3F8-4FE0-A4BD-36060401FEBD}.Release|Any CPU.ActiveCfg = Release|Any CPU
		{CC50F476-D3F8-4FE0-A4BD-36060401FEBD}.Release|Any CPU.Build.0 = Release|Any CPU
		{BD5E309F-F0CE-448C-A290-A5835B8E6918}.Debug|Any CPU.ActiveCfg = Debug|Any CPU
		{BD5E309F-F0CE-448C-A290-A5835B8E6918}.Debug|Any CPU.Build.0 = Debug|Any CPU
		{BD5E309F-F0CE-448C-A290-A5835B8E6918}.Release|Any CPU.ActiveCfg = Release|Any CPU
		{BD5E309F-F0CE-448C-A290-A5835B8E6918}.Release|Any CPU.Build.0 = Release|Any CPU
		{DDAE04C9-E40E-487D-AA9E-88C907B5922C}.Debug|Any CPU.ActiveCfg = Debug|Any CPU
		{DDAE04C9-E40E-487D-AA9E-88C907B5922C}.Debug|Any CPU.Build.0 = Debug|Any CPU
		{DDAE04C9-E40E-487D-AA9E-88C907B5922C}.Release|Any CPU.ActiveCfg = Release|Any CPU
		{DDAE04C9-E40E-487D-AA9E-88C907B5922C}.Release|Any CPU.Build.0 = Release|Any CPU
	EndGlobalSection
	GlobalSection(SolutionProperties) = preSolution
		HideSolutionNode = FALSE
	EndGlobalSection
	GlobalSection(ExtensibilityGlobals) = postSolution
		SolutionGuid = {97B276B6-8025-44FD-A1E5-C2A49BB6FEC8}
	EndGlobalSection
EndGlobal
